
Microsoft Visual Studio Solution File, Format Version 12.00
# Visual Studio Version 17
VisualStudioVersion = 17.4.33205.214
MinimumVisualStudioVersion = 10.0.40219.1
Project("{FAE04EC0-301F-11D3-BF4B-00C04F79EFBC}") = "BlogWebSite", "BlogWebSite\BlogWebSite.csproj", "{D713954B-DD47-4549-BB2E-4DBB7EA2286C}"
EndProject
Global
	GlobalSection(SolutionConfigurationPlatforms) = preSolution
		Debug|Any CPU = Debug|Any CPU
		Release|Any CPU = Release|Any CPU
	EndGlobalSection
	GlobalSection(ProjectConfigurationPlatforms) = postSolution
		{D713954B-DD47-4549-BB2E-4DBB7EA2286C}.Debug|Any CPU.ActiveCfg = Debug|Any CPU
		{D713954B-DD47-4549-BB2E-4DBB7EA2286C}.Debug|Any CPU.Build.0 = Debug|Any CPU
		{D713954B-DD47-4549-BB2E-4DBB7EA2286C}.Release|Any CPU.ActiveCfg = Release|Any CPU
		{D713954B-DD47-4549-BB2E-4DBB7EA2286C}.Release|Any CPU.Build.0 = Release|Any CPU
	EndGlobalSection
	GlobalSection(SolutionProperties) = preSolution
		HideSolutionNode = FALSE
	EndGlobalSection
	GlobalSection(ExtensibilityGlobals) = postSolution
		SolutionGuid = {FB43F8BE-A3CD-4D71-9F48-8644442E689D}
	EndGlobalSection
EndGlobal
